
Microsoft Visual Studio Solution File, Format Version 12.00
# Visual Studio Version 17
VisualStudioVersion = 17.5.002.0
MinimumVisualStudioVersion = 10.0.40219.1
Project("{9A19103F-16F7-4668-BE54-9A1E7A4F7556}") = "CsNativeFileDialog", "CsNativeFileDialog\CsNativeFileDialog.csproj", "{7B6569FD-0203-4FB9-8D2D-869D2774C168}"
EndProject
Project("{FAE04EC0-301F-11D3-BF4B-00C04F79EFBC}") = "FileDialogDemo", "FileDialogDemo\FileDialogDemo.csproj", "{1F40050F-5AAA-43BF-914C-FCA61246316F}"
EndProject
Global
	GlobalSection(SolutionConfigurationPlatforms) = preSolution
		Debug|Any CPU = Debug|Any CPU
		Release|Any CPU = Release|Any CPU
	EndGlobalSection
	GlobalSection(ProjectConfigurationPlatforms) = postSolution
		{7B6569FD-0203-4FB9-8D2D-869D2774C168}.Debug|Any CPU.ActiveCfg = Debug|Any CPU
		{7B6569FD-0203-4FB9-8D2D-869D2774C168}.Debug|Any CPU.Build.0 = Debug|Any CPU
		{7B6569FD-0203-4FB9-8D2D-869D2774C168}.Release|Any CPU.ActiveCfg = Release|Any CPU
		{7B6569FD-0203-4FB9-8D2D-869D2774C168}.Release|Any CPU.Build.0 = Release|Any CPU
		{1F40050F-5AAA-43BF-914C-FCA61246316F}.Debug|Any CPU.ActiveCfg = Debug|Any CPU
		{1F40050F-5AAA-43BF-914C-FCA61246316F}.Debug|Any CPU.Build.0 = Debug|Any CPU
		{1F40050F-5AAA-43BF-914C-FCA61246316F}.Release|Any CPU.ActiveCfg = Release|Any CPU
		{1F40050F-5AAA-43BF-914C-FCA61246316F}.Release|Any CPU.Build.0 = Release|Any CPU
	EndGlobalSection
	GlobalSection(SolutionProperties) = preSolution
		HideSolutionNode = FALSE
	EndGlobalSection
	GlobalSection(ExtensibilityGlobals) = postSolution
		SolutionGuid = {3669349D-8229-4626-A288-62D92C6894B4}
	EndGlobalSection
EndGlobal
